
Microsoft Visual Studio Solution File, Format Version 12.00
# Visual Studio Version 17
VisualStudioVersion = 17.5.33516.290
MinimumVisualStudioVersion = 10.0.40219.1
Project("{FAE04EC0-301F-11D3-BF4B-00C04F79EFBC}") = "SegmentAnythingSharp", "SegmentAnythingSharp\SegmentAnythingSharp.csproj", "{B5F429FF-D7CC-46BE-8F71-C6B0CD6E564B}"
EndProject
Global
	GlobalSection(SolutionConfigurationPlatforms) = preSolution
		Debug|Any CPU = Debug|Any CPU
		Release|Any CPU = Release|Any CPU
	EndGlobalSection
	GlobalSection(ProjectConfigurationPlatforms) = postSolution
		{B5F429FF-D7CC-46BE-8F71-C6B0CD6E564B}.Debug|Any CPU.ActiveCfg = Debug|Any CPU
		{B5F429FF-D7CC-46BE-8F71-C6B0CD6E564B}.Debug|Any CPU.Build.0 = Debug|Any CPU
		{B5F429FF-D7CC-46BE-8F71-C6B0CD6E564B}.Release|Any CPU.ActiveCfg = Release|Any CPU
		{B5F429FF-D7CC-46BE-8F71-C6B0CD6E564B}.Release|Any CPU.Build.0 = Release|Any CPU
	EndGlobalSection
	GlobalSection(SolutionProperties) = preSolution
		HideSolutionNode = FALSE
	EndGlobalSection
	GlobalSection(ExtensibilityGlobals) = postSolution
		SolutionGuid = {82CAD97D-F1BE-477F-BE77-964EE809A9CB}
	EndGlobalSection
EndGlobal
